{
  "name": "codex-hackathon-apr-2026",
  "version": "0.1.0",
  "lockfileVersion": 3,
  "requires": true,
  "packages": {
    "": {
      "name": "codex-hackathon-apr-2026",
      "version": "0.1.0",
      "workspaces": [
        "plugins/better-review"
      ]
    },
    "node_modules/better-review": {
      "resolved": "plugins/better-review",
      "link": true
    },
    "plugins/better-review": {
      "version": "0.1.1"
    }
  }
}
